{
  "nodes": {
    "flake-utils": {
      "locked": {
        "lastModified": 1637014545,
        "narHash": "sha256-26IZAc5yzlD9FlDT54io1oqG/bBoyka+FJk5guaX4x4=",
        "owner": "numtide",
        "repo": "flake-utils",
        "rev": "bba5dcc8e0b20ab664967ad83d24d64cb64ec4f4",
        "type": "github"
      },
      "original": {
        "owner": "numtide",
        "repo": "flake-utils",
        "type": "github"
      }
    },
    "home-manager": {
      "inputs": {
        "nixpkgs": "nixpkgs"
      },
      "locked": {
        "lastModified": 1637398047,
        "narHash": "sha256-H6yh2VvABMhrkjYrPccc0Buak4L9jtFzsb98FsNDM2Q=",
        "owner": "nix-community",
        "repo": "home-manager",
        "rev": "c82bc787b8990c89f2f7d57df652ce2424129b92",
        "type": "github"
      },
      "original": {
        "owner": "nix-community",
        "repo": "home-manager",
        "type": "github"
      }
    },
    "nim-nvim": {
      "flake": false,
      "locked": {
        "lastModified": 1633628142,
        "narHash": "sha256-WBBUZU88sU1rdUNYLe1AeUBk3UNJFcKT98Oiyg92R3A=",
        "owner": "alaviss",
        "repo": "nim.nvim",
        "rev": "dbc853fedb963a97b1c5fbac54a05ba4f5100f06",
        "type": "github"
      },
      "original": {
        "owner": "alaviss",
        "repo": "nim.nvim",
        "type": "github"
      }
    },
    "nixpkgs": {
      "locked": {
        "lastModified": 1637422754,
        "narHash": "sha256-Ni/Zl7XBbYn2LxyD4pee34K/hmzM51Twh6wYGueBPa4=",
        "owner": "NixOS",
        "repo": "nixpkgs",
        "rev": "e2940290fa4f3c82708fbce2972468f910c59660",
        "type": "github"
      },
      "original": {
        "id": "nixpkgs",
        "type": "indirect"
      }
    },
    "nixpkgs_2": {
      "locked": {
        "lastModified": 1637186689,
        "narHash": "sha256-NU7BhgnwA/3ibmCeSzFK6xGi+Bari9mPfn+4cBmyEjw=",
        "owner": "nixos",
        "repo": "nixpkgs",
        "rev": "7fad01d9d5a3f82081c00fb57918d64145dc904c",
        "type": "github"
      },
      "original": {
        "owner": "nixos",
        "ref": "nixpkgs-unstable",
        "repo": "nixpkgs",
        "type": "github"
      }
    },
    "root": {
      "inputs": {
        "flake-utils": "flake-utils",
        "home-manager": "home-manager",
        "nim-nvim": "nim-nvim",
        "nixpkgs": "nixpkgs_2"
      }
    }
  },
  "root": "root",
  "version": 7
}
